
Microsoft Visual Studio Solution File, Format Version 12.00
# Visual Studio Version 16
VisualStudioVersion = 16.6.30114.105
MinimumVisualStudioVersion = 10.0.40219.1
Project("{2150E333-8FDC-42A3-9474-1A3956D46DE8}") = "Ordering", "Ordering", "{B511618C-608B-4104-8D33-785BA578D042}"
EndProject
Project("{2150E333-8FDC-42A3-9474-1A3956D46DE8}") = "src", "src", "{B78CB629-F9F1-4C21-A3A7-0C8F169A12C2}"
EndProject
Project("{FAE04EC0-301F-11D3-BF4B-00C04F79EFBC}") = "Ordering.WebApi", "Ordering\src\Ordering.WebApi\Ordering.WebApi.csproj", "{F99AF068-BC24-411F-94C6-BE382070D2BB}"
EndProject
Project("{FAE04EC0-301F-11D3-BF4B-00C04F79EFBC}") = "Ordering.Core", "Ordering\src\Ordering.Core\Ordering.Core.csproj", "{8C5AB407-A619-48A5-A13C-9E95F3A0A067}"
EndProject
Project("{FAE04EC0-301F-11D3-BF4B-00C04F79EFBC}") = "Ordering.Infrastructure", "Ordering\src\Ordering.Infrastructure\Ordering.Infrastructure.csproj", "{4EF97308-40B6-428B-B995-570D2D383A02}"
EndProject
Project("{2150E333-8FDC-42A3-9474-1A3956D46DE8}") = "tests", "tests", "{66549995-184A-4E2E-A2FF-78091789A99C}"
EndProject
Project("{FAE04EC0-301F-11D3-BF4B-00C04F79EFBC}") = "Ordering.IntegrationTests", "Ordering\tests\Ordering.IntegrationTests\Ordering.IntegrationTests.csproj", "{52420845-A557-4632-BFE0-B44121FA3484}"
EndProject
Project("{FAE04EC0-301F-11D3-BF4B-00C04F79EFBC}") = "Ordering.FunctionalTests", "Ordering\tests\Ordering.FunctionalTests\Ordering.FunctionalTests.csproj", "{BD6CD60B-BAC7-427F-AD86-7AB551AB27B4}"
EndProject
Project("{FAE04EC0-301F-11D3-BF4B-00C04F79EFBC}") = "Ordering.SharedTestHelpers", "Ordering\tests\Ordering.SharedTestHelpers\Ordering.SharedTestHelpers.csproj", "{6060B733-43AA-4EAC-977C-D81D694EAFEF}"
EndProject
Project("{FAE04EC0-301F-11D3-BF4B-00C04F79EFBC}") = "Ordering.UnitTests", "Ordering\tests\Ordering.UnitTests\Ordering.UnitTests.csproj", "{8AE1D9C0-7B2E-4983-B0E8-3CB5AD162F74}"
EndProject
Project("{FAE04EC0-301F-11D3-BF4B-00C04F79EFBC}") = "Messages", "Messages\Messages.csproj", "{AFEE3905-8FCA-483A-812A-087BA7B38F83}"
EndProject
Global
	GlobalSection(SolutionConfigurationPlatforms) = preSolution
		Debug|Any CPU = Debug|Any CPU
		Debug|x64 = Debug|x64
		Debug|x86 = Debug|x86
		Release|Any CPU = Release|Any CPU
		Release|x64 = Release|x64
		Release|x86 = Release|x86
	EndGlobalSection
	GlobalSection(SolutionProperties) = preSolution
		HideSolutionNode = FALSE
	EndGlobalSection
	GlobalSection(ProjectConfigurationPlatforms) = postSolution
		{F99AF068-BC24-411F-94C6-BE382070D2BB}.Debug|Any CPU.ActiveCfg = Debug|Any CPU
		{F99AF068-BC24-411F-94C6-BE382070D2BB}.Debug|Any CPU.Build.0 = Debug|Any CPU
		{F99AF068-BC24-411F-94C6-BE382070D2BB}.Debug|x64.ActiveCfg = Debug|Any CPU
		{F99AF068-BC24-411F-94C6-BE382070D2BB}.Debug|x64.Build.0 = Debug|Any CPU
		{F99AF068-BC24-411F-94C6-BE382070D2BB}.Debug|x86.ActiveCfg = Debug|Any CPU
		{F99AF068-BC24-411F-94C6-BE382070D2BB}.Debug|x86.Build.0 = Debug|Any CPU
		{F99AF068-BC24-411F-94C6-BE382070D2BB}.Release|Any CPU.ActiveCfg = Release|Any CPU
		{F99AF068-BC24-411F-94C6-BE382070D2BB}.Release|Any CPU.Build.0 = Release|Any CPU
		{F99AF068-BC24-411F-94C6-BE382070D2BB}.Release|x64.ActiveCfg = Release|Any CPU
		{F99AF068-BC24-411F-94C6-BE382070D2BB}.Release|x64.Build.0 = Release|Any CPU
		{F99AF068-BC24-411F-94C6-BE382070D2BB}.Release|x86.ActiveCfg = Release|Any CPU
		{F99AF068-BC24-411F-94C6-BE382070D2BB}.Release|x86.Build.0 = Release|Any CPU
		{8C5AB407-A619-48A5-A13C-9E95F3A0A067}.Debug|Any CPU.ActiveCfg = Debug|Any CPU
		{8C5AB407-A619-48A5-A13C-9E95F3A0A067}.Debug|Any CPU.Build.0 = Debug|Any CPU
		{8C5AB407-A619-48A5-A13C-9E95F3A0A067}.Debug|x64.ActiveCfg = Debug|Any CPU
		{8C5AB407-A619-48A5-A13C-9E95F3A0A067}.Debug|x64.Build.0 = Debug|Any CPU
		{8C5AB407-A619-48A5-A13C-9E95F3A0A067}.Debug|x86.ActiveCfg = Debug|Any CPU
		{8C5AB407-A619-48A5-A13C-9E95F3A0A067}.Debug|x86.Build.0 = Debug|Any CPU
		{8C5AB407-A619-48A5-A13C-9E95F3A0A067}.Release|Any CPU.ActiveCfg = Release|Any CPU
		{8C5AB407-A619-48A5-A13C-9E95F3A0A067}.Release|Any CPU.Build.0 = Release|Any CPU
		{8C5AB407-A619-48A5-A13C-9E95F3A0A067}.Release|x64.ActiveCfg = Release|Any CPU
		{8C5AB407-A619-48A5-A13C-9E95F3A0A067}.Release|x64.Build.0 = Release|Any CPU
		{8C5AB407-A619-48A5-A13C-9E95F3A0A067}.Release|x86.ActiveCfg = Release|Any CPU
		{8C5AB407-A619-48A5-A13C-9E95F3A0A067}.Release|x86.Build.0 = Release|Any CPU
		{4EF97308-40B6-428B-B995-570D2D383A02}.Debug|Any CPU.ActiveCfg = Debug|Any CPU
		{4EF97308-40B6-428B-B995-570D2D383A02}.Debug|Any CPU.Build.0 = Debug|Any CPU
		{4EF97308-40B6-428B-B995-570D2D383A02}.Debug|x64.ActiveCfg = Debug|Any CPU
		{4EF97308-40B6-428B-B995-570D2D383A02}.Debug|x64.Build.0 = Debug|Any CPU
		{4EF97308-40B6-428B-B995-570D2D383A02}.Debug|x86.ActiveCfg = Debug|Any CPU
		{4EF97308-40B6-428B-B995-570D2D383A02}.Debug|x86.Build.0 = Debug|Any CPU
		{4EF97308-40B6-428B-B995-570D2D383A02}.Release|Any CPU.ActiveCfg = Release|Any CPU
		{4EF97308-40B6-428B-B995-570D2D383A02}.Release|Any CPU.Build.0 = Release|Any CPU
		{4EF97308-40B6-428B-B995-570D2D383A02}.Release|x64.ActiveCfg = Release|Any CPU
		{4EF97308-40B6-428B-B995-570D2D383A02}.Release|x64.Build.0 = Release|Any CPU
		{4EF97308-40B6-428B-B995-570D2D383A02}.Release|x86.ActiveCfg = Release|Any CPU
		{4EF97308-40B6-428B-B995-570D2D383A02}.Release|x86.Build.0 = Release|Any CPU
		{52420845-A557-4632-BFE0-B44121FA3484}.Debug|Any CPU.ActiveCfg = Debug|Any CPU
		{52420845-A557-4632-BFE0-B44121FA3484}.Debug|Any CPU.Build.0 = Debug|Any CPU
		{52420845-A557-4632-BFE0-B44121FA3484}.Debug|x64.ActiveCfg = Debug|Any CPU
		{52420845-A557-4632-BFE0-B44121FA3484}.Debug|x64.Build.0 = Debug|Any CPU
		{52420845-A557-4632-BFE0-B44121FA3484}.Debug|x86.ActiveCfg = Debug|Any CPU
		{52420845-A557-4632-BFE0-B44121FA3484}.Debug|x86.Build.0 = Debug|Any CPU
		{52420845-A557-4632-BFE0-B44121FA3484}.Release|Any CPU.ActiveCfg = Release|Any CPU
		{52420845-A557-4632-BFE0-B44121FA3484}.Release|Any CPU.Build.0 = Release|Any CPU
		{52420845-A557-4632-BFE0-B44121FA3484}.Release|x64.ActiveCfg = Release|Any CPU
		{52420845-A557-4632-BFE0-B44121FA3484}.Release|x64.Build.0 = Release|Any CPU
		{52420845-A557-4632-BFE0-B44121FA3484}.Release|x86.ActiveCfg = Release|Any CPU
		{52420845-A557-4632-BFE0-B44121FA3484}.Release|x86.Build.0 = Release|Any CPU
		{BD6CD60B-BAC7-427F-AD86-7AB551AB27B4}.Debug|Any CPU.ActiveCfg = Debug|Any CPU
		{BD6CD60B-BAC7-427F-AD86-7AB551AB27B4}.Debug|Any CPU.Build.0 = Debug|Any CPU
		{BD6CD60B-BAC7-427F-AD86-7AB551AB27B4}.Debug|x64.ActiveCfg = Debug|Any CPU
		{BD6CD60B-BAC7-427F-AD86-7AB551AB27B4}.Debug|x64.Build.0 = Debug|Any CPU
		{BD6CD60B-BAC7-427F-AD86-7AB551AB27B4}.Debug|x86.ActiveCfg = Debug|Any CPU
		{BD6CD60B-BAC7-427F-AD86-7AB551AB27B4}.Debug|x86.Build.0 = Debug|Any CPU
		{BD6CD60B-BAC7-427F-AD86-7AB551AB27B4}.Release|Any CPU.ActiveCfg = Release|Any CPU
		{BD6CD60B-BAC7-427F-AD86-7AB551AB27B4}.Release|Any CPU.Build.0 = Release|Any CPU
		{BD6CD60B-BAC7-427F-AD86-7AB551AB27B4}.Release|x64.ActiveCfg = Release|Any CPU
		{BD6CD60B-BAC7-427F-AD86-7AB551AB27B4}.Release|x64.Build.0 = Release|Any CPU
		{BD6CD60B-BAC7-427F-AD86-7AB551AB27B4}.Release|x86.ActiveCfg = Release|Any CPU
		{BD6CD60B-BAC7-427F-AD86-7AB551AB27B4}.Release|x86.Build.0 = Release|Any CPU
		{6060B733-43AA-4EAC-977C-D81D694EAFEF}.Debug|Any CPU.ActiveCfg = Debug|Any CPU
		{6060B733-43AA-4EAC-977C-D81D694EAFEF}.Debug|Any CPU.Build.0 = Debug|Any CPU
		{6060B733-43AA-4EAC-977C-D81D694EAFEF}.Debug|x64.ActiveCfg = Debug|Any CPU
		{6060B733-43AA-4EAC-977C-D81D694EAFEF}.Debug|x64.Build.0 = Debug|Any CPU
		{6060B733-43AA-4EAC-977C-D81D694EAFEF}.Debug|x86.ActiveCfg = Debug|Any CPU
		{6060B733-43AA-4EAC-977C-D81D694EAFEF}.Debug|x86.Build.0 = Debug|Any CPU
		{6060B733-43AA-4EAC-977C-D81D694EAFEF}.Release|Any CPU.ActiveCfg = Release|Any CPU
		{6060B733-43AA-4EAC-977C-D81D694EAFEF}.Release|Any CPU.Build.0 = Release|Any CPU
		{6060B733-43AA-4EAC-977C-D81D694EAFEF}.Release|x64.ActiveCfg = Release|Any CPU
		{6060B733-43AA-4EAC-977C-D81D694EAFEF}.Release|x64.Build.0 = Release|Any CPU
		{6060B733-43AA-4EAC-977C-D81D694EAFEF}.Release|x86.ActiveCfg = Release|Any CPU
		{6060B733-43AA-4EAC-977C-D81D694EAFEF}.Release|x86.Build.0 = Release|Any CPU
		{8AE1D9C0-7B2E-4983-B0E8-3CB5AD162F74}.Debug|Any CPU.ActiveCfg = Debug|Any CPU
		{8AE1D9C0-7B2E-4983-B0E8-3CB5AD162F74}.Debug|Any CPU.Build.0 = Debug|Any CPU
		{8AE1D9C0-7B2E-4983-B0E8-3CB5AD162F74}.Debug|x64.ActiveCfg = Debug|Any CPU
		{8AE1D9C0-7B2E-4983-B0E8-3CB5AD162F74}.Debug|x64.Build.0 = Debug|Any CPU
		{8AE1D9C0-7B2E-4983-B0E8-3CB5AD162F74}.Debug|x86.ActiveCfg = Debug|Any CPU
		{8AE1D9C0-7B2E-4983-B0E8-3CB5AD162F74}.Debug|x86.Build.0 = Debug|Any CPU
		{8AE1D9C0-7B2E-4983-B0E8-3CB5AD162F74}.Release|Any CPU.ActiveCfg = Release|Any CPU
		{8AE1D9C0-7B2E-4983-B0E8-3CB5AD162F74}.Release|Any CPU.Build.0 = Release|Any CPU
		{8AE1D9C0-7B2E-4983-B0E8-3CB5AD162F74}.Release|x64.ActiveCfg = Release|Any CPU
		{8AE1D9C0-7B2E-4983-B0E8-3CB5AD162F74}.Release|x64.Build.0 = Release|Any CPU
		{8AE1D9C0-7B2E-4983-B0E8-3CB5AD162F74}.Release|x86.ActiveCfg = Release|Any CPU
		{8AE1D9C0-7B2E-4983-B0E8-3CB5AD162F74}.Release|x86.Build.0 = Release|Any CPU
		{AFEE3905-8FCA-483A-812A-087BA7B38F83}.Debug|Any CPU.ActiveCfg = Debug|Any CPU
		{AFEE3905-8FCA-483A-812A-087BA7B38F83}.Debug|Any CPU.Build.0 = Debug|Any CPU
		{AFEE3905-8FCA-483A-812A-087BA7B38F83}.Debug|x64.ActiveCfg = Debug|Any CPU
		{AFEE3905-8FCA-483A-812A-087BA7B38F83}.Debug|x64.Build.0 = Debug|Any CPU
		{AFEE3905-8FCA-483A-812A-087BA7B38F83}.Debug|x86.ActiveCfg = Debug|Any CPU
		{AFEE3905-8FCA-483A-812A-087BA7B38F83}.Debug|x86.Build.0 = Debug|Any CPU
		{AFEE3905-8FCA-483A-812A-087BA7B38F83}.Release|Any CPU.ActiveCfg = Release|Any CPU
		{AFEE3905-8FCA-483A-812A-087BA7B38F83}.Release|Any CPU.Build.0 = Release|Any CPU
		{AFEE3905-8FCA-483A-812A-087BA7B38F83}.Release|x64.ActiveCfg = Release|Any CPU
		{AFEE3905-8FCA-483A-812A-087BA7B38F83}.Release|x64.Build.0 = Release|Any CPU
		{AFEE3905-8FCA-483A-812A-087BA7B38F83}.Release|x86.ActiveCfg = Release|Any CPU
		{AFEE3905-8FCA-483A-812A-087BA7B38F83}.Release|x86.Build.0 = Release|Any CPU
	EndGlobalSection
	GlobalSection(NestedProjects) = preSolution
		{B78CB629-F9F1-4C21-A3A7-0C8F169A12C2} = {B511618C-608B-4104-8D33-785BA578D042}
		{F99AF068-BC24-411F-94C6-BE382070D2BB} = {B78CB629-F9F1-4C21-A3A7-0C8F169A12C2}
		{8C5AB407-A619-48A5-A13C-9E95F3A0A067} = {B78CB629-F9F1-4C21-A3A7-0C8F169A12C2}
		{4EF97308-40B6-428B-B995-570D2D383A02} = {B78CB629-F9F1-4C21-A3A7-0C8F169A12C2}
		{66549995-184A-4E2E-A2FF-78091789A99C} = {B511618C-608B-4104-8D33-785BA578D042}
		{52420845-A557-4632-BFE0-B44121FA3484} = {66549995-184A-4E2E-A2FF-78091789A99C}
		{BD6CD60B-BAC7-427F-AD86-7AB551AB27B4} = {66549995-184A-4E2E-A2FF-78091789A99C}
		{6060B733-43AA-4EAC-977C-D81D694EAFEF} = {66549995-184A-4E2E-A2FF-78091789A99C}
		{8AE1D9C0-7B2E-4983-B0E8-3CB5AD162F74} = {66549995-184A-4E2E-A2FF-78091789A99C}
	EndGlobalSection
EndGlobal
